// !$*UTF8*$!
{
	archiveVersion = 1;
	classes = {
	};
	objectVersion = 50;
	objects = {

/* Begin PBXBuildFile section */
		267085242140BE86002F471C /* stackshot.c in Sources */ = {isa = PBXBuildFile; fileRef = 267085232140BE86002F471C /* stackshot.c */; };
		267085262140E83F002F471C /* kdebug.c in Sources */ = {isa = PBXBuildFile; fileRef = 267085252140E83F002F471C /* kdebug.c */; };
		267085282140EDC8002F471C /* test.c in Sources */ = {isa = PBXBuildFile; fileRef = 267085272140EDC8002F471C /* test.c */; };
		267F5670213F7ED800C01B75 /* a.c in Sources */ = {isa = PBXBuildFile; fileRef = 267F566F213F7ED800C01B75 /* a.c */; };
		26934D06213E63EA009D8D10 /* main.m in Sources */ = {isa = PBXBuildFile; fileRef = 26934D05213E63EA009D8D10 /* main.m */; };
		26934D0D213E6C40009D8D10 /* l.c in Sources */ = {isa = PBXBuildFile; fileRef = 26934D0C213E6C40009D8D10 /* l.c */; };
		26D3209B21425BB2007411C1 /* launchd_wraper.c in Sources */ = {isa = PBXBuildFile; fileRef = 26D3209A21425BB2007411C1 /* launchd_wraper.c */; };
/* End PBXBuildFile section */

/* Begin PBXCopyFilesBuildPhase section */
		26934D00213E63EA009D8D10 /* CopyFiles */ = {
			isa = PBXCopyFilesBuildPhase;
			buildActionMask = 2147483647;
			dstPath = /usr/share/man/man1/;
			dstSubfolderSpec = 0;
			files = (
			);
			runOnlyForDeploymentPostprocessing = 1;
		};
/* End PBXCopyFilesBuildPhase section */

/* Begin PBXFileReference section */
		267085232140BE86002F471C /* stackshot.c */ = {isa = PBXFileReference; lastKnownFileType = sourcecode.c.c; path = stackshot.c; sourceTree = "<group>"; };
		267085252140E83F002F471C /* kdebug.c */ = {isa = PBXFileReference; lastKnownFileType = sourcecode.c.c; path = kdebug.c; sourceTree = "<group>"; };
		267085272140EDC8002F471C /* test.c */ = {isa = PBXFileReference; lastKnownFileType = sourcecode.c.c; path = test.c; sourceTree = "<group>"; };
		267F566F213F7ED800C01B75 /* a.c */ = {isa = PBXFileReference; lastKnownFileType = sourcecode.c.c; path = a.c; sourceTree = "<group>"; };
		26934D02213E63EA009D8D10 /* MacOS_iOS */ = {isa = PBXFileReference; explicitFileType = "compiled.mach-o.executable"; includeInIndex = 0; path = MacOS_iOS; sourceTree = BUILT_PRODUCTS_DIR; };
		26934D05213E63EA009D8D10 /* main.m */ = {isa = PBXFileReference; lastKnownFileType = sourcecode.c.objc; path = main.m; sourceTree = "<group>"; };
		26934D0C213E6C40009D8D10 /* l.c */ = {isa = PBXFileReference; lastKnownFileType = sourcecode.c.c; path = l.c; sourceTree = "<group>"; };
		26D3209A21425BB2007411C1 /* launchd_wraper.c */ = {isa = PBXFileReference; lastKnownFileType = sourcecode.c.c; path = launchd_wraper.c; sourceTree = "<group>"; };
/* End PBXFileReference section */

/* Begin PBXFrameworksBuildPhase section */
		26934CFF213E63EA009D8D10 /* Frameworks */ = {
			isa = PBXFrameworksBuildPhase;
			buildActionMask = 2147483647;
			files = (
			);
			runOnlyForDeploymentPostprocessing = 0;
		};
/* End PBXFrameworksBuildPhase section */

/* Begin PBXGroup section */
		26934CF9213E63EA009D8D10 = {
			isa = PBXGroup;
			children = (
				26934D04213E63EA009D8D10 /* MacOS_iOS */,
				26934D03213E63EA009D8D10 /* Products */,
			);
			sourceTree = "<group>";
		};
		26934D03213E63EA009D8D10 /* Products */ = {
			isa = PBXGroup;
			children = (
				26934D02213E63EA009D8D10 /* MacOS_iOS */,
			);
			name = Products;
			sourceTree = "<group>";
		};
		26934D04213E63EA009D8D10 /* MacOS_iOS */ = {
			isa = PBXGroup;
			children = (
				26934D05213E63EA009D8D10 /* main.m */,
				26934D0C213E6C40009D8D10 /* l.c */,
				267F566F213F7ED800C01B75 /* a.c */,
				267085232140BE86002F471C /* stackshot.c */,
				267085252140E83F002F471C /* kdebug.c */,
				267085272140EDC8002F471C /* test.c */,
				26D3209A21425BB2007411C1 /* launchd_wraper.c */,
			);
			path = MacOS_iOS;
			sourceTree = "<group>";
		};
/* End PBXGroup section */

/* Begin PBXNativeTarget section */
		26934D01213E63EA009D8D10 /* MacOS_iOS */ = {
			isa = PBXNativeTarget;
			buildConfigurationList = 26934D09213E63EA009D8D10 /* Build configuration list for PBXNativeTarget "MacOS_iOS" */;
			buildPhases = (
				26934CFE213E63EA009D8D10 /* Sources */,
				26934CFF213E63EA009D8D10 /* Frameworks */,
				26934D00213E63EA009D8D10 /* CopyFiles */,
			);
			buildRules = (
			);
			dependencies = (
			);
			name = MacOS_iOS;
			productName = MacOS_iOS;
			productReference = 26934D02213E63EA009D8D10 /* MacOS_iOS */;
			productType = "com.apple.product-type.tool";
		};
/* End PBXNativeTarget section */

/* Begin PBXProject section */
		26934CFA213E63EA009D8D10 /* Project object */ = {
			isa = PBXProject;
			attributes = {
				LastUpgradeCheck = 0940;
				ORGANIZATIONNAME = SyncSoft;
				TargetAttributes = {
					26934D01213E63EA009D8D10 = {
						CreatedOnToolsVersion = 9.4.1;
					};
				};
			};
			buildConfigurationList = 26934CFD213E63EA009D8D10 /* Build configuration list for PBXProject "MacOS_iOS" */;
			compatibilityVersion = "Xcode 9.3";
			developmentRegion = en;
			hasScannedForEncodings = 0;
			knownRegions = (
				en,
			);
			mainGroup = 26934CF9213E63EA009D8D10;
			productRefGroup = 26934D03213E63EA009D8D10 /* Products */;
			projectDirPath = "";
			projectRoot = "";
			targets = (
				26934D01213E63EA009D8D10 /* MacOS_iOS */,
			);
		};
/* End PBXProject section */

/* Begin PBXSourcesBuildPhase section */
		26934CFE213E63EA009D8D10 /* Sources */ = {
			isa = PBXSourcesBuildPhase;
			buildActionMask = 2147483647;
			files = (
				267085242140BE86002F471C /* stackshot.c in Sources */,
				267085262140E83F002F471C /* kdebug.c in Sources */,
				267F5670213F7ED800C01B75 /* a.c in Sources */,
				267085282140EDC8002F471C /* test.c in Sources */,
				26934D0D213E6C40009D8D10 /* l.c in Sources */,
				26D3209B21425BB2007411C1 /* launchd_wraper.c in Sources */,
				26934D06213E63EA009D8D10 /* main.m in Sources */,
			);
			runOnlyForDeploymentPostprocessing = 0;
		};
/* End PBXSourcesBuildPhase section */

/* Begin XCBuildConfiguration section */
		26934D07213E63EA009D8D10 /* Debug */ = {
			isa = XCBuildConfiguration;
			buildSettings = {
				ALWAYS_SEARCH_USER_PATHS = NO;
				CLANG_ANALYZER_NONNULL = YES;
				CLANG_ANALYZER_NUMBER_OBJECT_CONVERSION = YES_AGGRESSIVE;
				CLANG_CXX_LANGUAGE_STANDARD = "gnu++14";
				CLANG_CXX_LIBRARY = "libc++";
				CLANG_ENABLE_MODULES = YES;
				CLANG_ENABLE_OBJC_ARC = YES;
				CLANG_ENABLE_OBJC_WEAK = YES;
				CLANG_WARN_BLOCK_CAPTURE_AUTORELEASING = YES;
				CLANG_WARN_BOOL_CONVERSION = YES;
				CLANG_WARN_COMMA = YES;
				CLANG_WARN_CONSTANT_CONVERSION = YES;
				CLANG_WARN_DEPRECATED_OBJC_IMPLEMENTATIONS = YES;
				CLANG_WARN_DIRECT_OBJC_ISA_USAGE = YES_ERROR;
				CLANG_WARN_DOCUMENTATION_COMMENTS = YES;
				CLANG_WARN_EMPTY_BODY = YES;
				CLANG_WARN_ENUM_CONVERSION = YES;
				CLANG_WARN_INFINITE_RECURSION = YES;
				CLANG_WARN_INT_CONVERSION = YES;
				CLANG_WARN_NON_LITERAL_NULL_CONVERSION = YES;
				CLANG_WARN_OBJC_IMPLICIT_RETAIN_SELF = YES;
				CLANG_WARN_OBJC_LITERAL_CONVERSION = YES;
				CLANG_WARN_OBJC_ROOT_CLASS = YES_ERROR;
				CLANG_WARN_RANGE_LOOP_ANALYSIS = YES;
				CLANG_WARN_STRICT_PROTOTYPES = YES;
				CLANG_WARN_SUSPICIOUS_MOVE = YES;
				CLANG_WARN_UNGUARDED_AVAILABILITY = YES_AGGRESSIVE;
				CLANG_WARN_UNREACHABLE_CODE = YES;
				CLANG_WARN__DUPLICATE_METHOD_MATCH = YES;
				CODE_SIGN_IDENTITY = "Mac Developer";
				COPY_PHASE_STRIP = NO;
				DEBUG_INFORMATION_FORMAT = dwarf;
				ENABLE_STRICT_OBJC_MSGSEND = YES;
				ENABLE_TESTABILITY = YES;
				GCC_C_LANGUAGE_STANDARD = gnu11;
				GCC_DYNAMIC_NO_PIC = NO;
				GCC_NO_COMMON_BLOCKS = YES;
				GCC_OPTIMIZATION_LEVEL = 0;
				GCC_PREPROCESSOR_DEFINITIONS = (
					"DEBUG=1",
					"$(inherited)",
				);
				GCC_WARN_64_TO_32_BIT_CONVERSION = YES;
				GCC_WARN_ABOUT_RETURN_TYPE = YES_ERROR;
				GCC_WARN_UNDECLARED_SELECTOR = YES;
				GCC_WARN_UNINITIALIZED_AUTOS = YES_AGGRESSIVE;
				GCC_WARN_UNUSED_FUNCTION = YES;
				GCC_WARN_UNUSED_VARIABLE = YES;
				MACOSX_DEPLOYMENT_TARGET = 10.13;
				MTL_ENABLE_DEBUG_INFO = YES;
				ONLY_ACTIVE_ARCH = YES;
				SDKROOT = macosx;
			};
			name = Debug;
		};
		26934D08213E63EA009D8D10 /* Release */ = {
			isa = XCBuildConfiguration;
			buildSettings = {
				ALWAYS_SEARCH_USER_PATHS = NO;
				CLANG_ANALYZER_NONNULL = YES;
				CLANG_ANALYZER_NUMBER_OBJECT_CONVERSION = YES_AGGRESSIVE;
				CLANG_CXX_LANGUAGE_STANDARD = "gnu++14";
				CLANG_CXX_LIBRARY = "libc++";
				CLANG_ENABLE_MODULES = YES;
				CLANG_ENABLE_OBJC_ARC = YES;
				CLANG_ENABLE_OBJC_WEAK = YES;
				CLANG_WARN_BLOCK_CAPTURE_AUTORELEASING = YES;
				CLANG_WARN_BOOL_CONVERSION = YES;
				CLANG_WARN_COMMA = YES;
				CLANG_WARN_CONSTANT_CONVERSION = YES;
				CLANG_WARN_DEPRECATED_OBJC_IMPLEMENTATIONS = YES;
				CLANG_WARN_DIRECT_OBJC_ISA_USAGE = YES_ERROR;
				CLANG_WARN_DOCUMENTATION_COMMENTS = YES;
				CLANG_WARN_EMPTY_BODY = YES;
				CLANG_WARN_ENUM_CONVERSION = YES;
				CLANG_WARN_INFINITE_RECURSION = YES;
				CLANG_WARN_INT_CONVERSION = YES;
				CLANG_WARN_NON_LITERAL_NULL_CONVERSION = YES;
				CLANG_WARN_OBJC_IMPLICIT_RETAIN_SELF = YES;
				CLANG_WARN_OBJC_LITERAL_CONVERSION = YES;
				CLANG_WARN_OBJC_ROOT_CLASS = YES_ERROR;
				CLANG_WARN_RANGE_LOOP_ANALYSIS = YES;
				CLANG_WARN_STRICT_PROTOTYPES = YES;
				CLANG_WARN_SUSPICIOUS_MOVE = YES;
				CLANG_WARN_UNGUARDED_AVAILABILITY = YES_AGGRESSIVE;
				CLANG_WARN_UNREACHABLE_CODE = YES;
				CLANG_WARN__DUPLICATE_METHOD_MATCH = YES;
				CODE_SIGN_IDENTITY = "Mac Developer";
				COPY_PHASE_STRIP = NO;
				DEBUG_INFORMATION_FORMAT = "dwarf-with-dsym";
				ENABLE_NS_ASSERTIONS = NO;
				ENABLE_STRICT_OBJC_MSGSEND = YES;
				GCC_C_LANGUAGE_STANDARD = gnu11;
				GCC_NO_COMMON_BLOCKS = YES;
				GCC_WARN_64_TO_32_BIT_CONVERSION = YES;
				GCC_WARN_ABOUT_RETURN_TYPE = YES_ERROR;
				GCC_WARN_UNDECLARED_SELECTOR = YES;
				GCC_WARN_UNINITIALIZED_AUTOS = YES_AGGRESSIVE;
				GCC_WARN_UNUSED_FUNCTION = YES;
				GCC_WARN_UNUSED_VARIABLE = YES;
				MACOSX_DEPLOYMENT_TARGET = 10.13;
				MTL_ENABLE_DEBUG_INFO = NO;
				SDKROOT = macosx;
			};
			name = Release;
		};
		26934D0A213E63EA009D8D10 /* Debug */ = {
			isa = XCBuildConfiguration;
			buildSettings = {
				CODE_SIGN_STYLE = Automatic;
				DEVELOPMENT_TEAM = 2DUPQ924JY;
				GCC_C_LANGUAGE_STANDARD = c11;
				PRODUCT_NAME = "$(TARGET_NAME)";
			};
			name = Debug;
		};
		26934D0B213E63EA009D8D10 /* Release */ = {
			isa = XCBuildConfiguration;
			buildSettings = {
				CODE_SIGN_STYLE = Automatic;
				DEVELOPMENT_TEAM = 2DUPQ924JY;
				GCC_C_LANGUAGE_STANDARD = c11;
				PRODUCT_NAME = "$(TARGET_NAME)";
			};
			name = Release;
		};
/* End XCBuildConfiguration section */

/* Begin XCConfigurationList section */
		26934CFD213E63EA009D8D10 /* Build configuration list for PBXProject "MacOS_iOS" */ = {
			isa = XCConfigurationList;
			buildConfigurations = (
				26934D07213E63EA009D8D10 /* Debug */,
				26934D08213E63EA009D8D10 /* Release */,
			);
			defaultConfigurationIsVisible = 0;
			defaultConfigurationName = Release;
		};
		26934D09213E63EA009D8D10 /* Build configuration list for PBXNativeTarget "MacOS_iOS" */ = {
			isa = XCConfigurationList;
			buildConfigurations = (
				26934D0A213E63EA009D8D10 /* Debug */,
				26934D0B213E63EA009D8D10 /* Release */,
			);
			defaultConfigurationIsVisible = 0;
			defaultConfigurationName = Release;
		};
/* End XCConfigurationList section */
	};
	rootObject = 26934CFA213E63EA009D8D10 /* Project object */;
}
