// !$*UTF8*$!
{
	archiveVersion = 1;
	classes = {
	};
	objectVersion = 50;
	objects = {

/* Begin PBXBuildFile section */
		261A98E22108039B00BA5928 /* 1connfig5.cpp in Sources */ = {isa = PBXBuildFile; fileRef = 261A98E12108039B00BA5928 /* 1connfig5.cpp */; };
		261A98E42108069C00BA5928 /* 1connfig6.cpp in Sources */ = {isa = PBXBuildFile; fileRef = 261A98E32108069C00BA5928 /* 1connfig6.cpp */; };
		261A98E6210809C400BA5928 /* 1connfig8.cpp in Sources */ = {isa = PBXBuildFile; fileRef = 261A98E5210809C400BA5928 /* 1connfig8.cpp */; };
		261A98E821080F8100BA5928 /* 1connfig10.cpp in Sources */ = {isa = PBXBuildFile; fileRef = 261A98E721080F8100BA5928 /* 1connfig10.cpp */; };
		261A98EA2108119300BA5928 /* 1connfig11.cpp in Sources */ = {isa = PBXBuildFile; fileRef = 261A98E92108119300BA5928 /* 1connfig11.cpp */; };
		261A98EC210818D600BA5928 /* icnfig-null-template-arguments.cpp in Sources */ = {isa = PBXBuildFile; fileRef = 261A98EB210818D600BA5928 /* icnfig-null-template-arguments.cpp */; };
		261A98EE21081DB000BA5928 /* 1config-temp-object.cpp in Sources */ = {isa = PBXBuildFile; fileRef = 261A98ED21081DB000BA5928 /* 1config-temp-object.cpp */; };
		2696F756210178B3009127A8 /* main.cpp in Sources */ = {isa = PBXBuildFile; fileRef = 2696F755210178B3009127A8 /* main.cpp */; };
		2699B45B21057D5E0061DDF1 /* libstdc++.tbd in Frameworks */ = {isa = PBXBuildFile; fileRef = 2699B45A21057D5E0061DDF1 /* libstdc++.tbd */; };
		2699B45D21057DBC0061DDF1 /* 1connfig3.cpp in Sources */ = {isa = PBXBuildFile; fileRef = 2699B45C21057DBC0061DDF1 /* 1connfig3.cpp */; };
		26B1D1C32109559200CB795D /* 1config-inclass-init.cpp in Sources */ = {isa = PBXBuildFile; fileRef = 26B1D1C22109559200CB795D /* 1config-inclass-init.cpp */; };
		26B1D1C52109582200CB795D /* 1config-operator-overloading.cpp in Sources */ = {isa = PBXBuildFile; fileRef = 26B1D1C42109582200CB795D /* 1config-operator-overloading.cpp */; };
		26B1D1C72109639400CB795D /* 1qsort.cpp in Sources */ = {isa = PBXBuildFile; fileRef = 26B1D1C62109639400CB795D /* 1qsort.cpp */; };
		26B1D1C9210965ED00CB795D /* 1functor.cpp in Sources */ = {isa = PBXBuildFile; fileRef = 26B1D1C8210965ED00CB795D /* 1functor.cpp */; };
		26B1D1D721098EA900CB795D /* jjallocator.cpp in Sources */ = {isa = PBXBuildFile; fileRef = 26B1D1D521098EA900CB795D /* jjallocator.cpp */; };
		26B1D1DA2109A13D00CB795D /* stl_construct.cpp in Sources */ = {isa = PBXBuildFile; fileRef = 26B1D1D82109A13D00CB795D /* stl_construct.cpp */; };
/* End PBXBuildFile section */

/* Begin PBXCopyFilesBuildPhase section */
		2696F750210178B3009127A8 /* CopyFiles */ = {
			isa = PBXCopyFilesBuildPhase;
			buildActionMask = 2147483647;
			dstPath = /usr/share/man/man1/;
			dstSubfolderSpec = 0;
			files = (
			);
			runOnlyForDeploymentPostprocessing = 1;
		};
/* End PBXCopyFilesBuildPhase section */

/* Begin PBXFileReference section */
		261A98E12108039B00BA5928 /* 1connfig5.cpp */ = {isa = PBXFileReference; lastKnownFileType = sourcecode.cpp.cpp; path = 1connfig5.cpp; sourceTree = "<group>"; };
		261A98E32108069C00BA5928 /* 1connfig6.cpp */ = {isa = PBXFileReference; lastKnownFileType = sourcecode.cpp.cpp; path = 1connfig6.cpp; sourceTree = "<group>"; };
		261A98E5210809C400BA5928 /* 1connfig8.cpp */ = {isa = PBXFileReference; lastKnownFileType = sourcecode.cpp.cpp; path = 1connfig8.cpp; sourceTree = "<group>"; };
		261A98E721080F8100BA5928 /* 1connfig10.cpp */ = {isa = PBXFileReference; lastKnownFileType = sourcecode.cpp.cpp; path = 1connfig10.cpp; sourceTree = "<group>"; };
		261A98E92108119300BA5928 /* 1connfig11.cpp */ = {isa = PBXFileReference; lastKnownFileType = sourcecode.cpp.cpp; path = 1connfig11.cpp; sourceTree = "<group>"; };
		261A98EB210818D600BA5928 /* icnfig-null-template-arguments.cpp */ = {isa = PBXFileReference; lastKnownFileType = sourcecode.cpp.cpp; path = "icnfig-null-template-arguments.cpp"; sourceTree = "<group>"; };
		261A98ED21081DB000BA5928 /* 1config-temp-object.cpp */ = {isa = PBXFileReference; lastKnownFileType = sourcecode.cpp.cpp; path = "1config-temp-object.cpp"; sourceTree = "<group>"; };
		2696F752210178B3009127A8 /* Algorithm */ = {isa = PBXFileReference; explicitFileType = "compiled.mach-o.executable"; includeInIndex = 0; path = Algorithm; sourceTree = BUILT_PRODUCTS_DIR; };
		2696F755210178B3009127A8 /* main.cpp */ = {isa = PBXFileReference; lastKnownFileType = sourcecode.cpp.cpp; path = main.cpp; sourceTree = "<group>"; };
		2699B45A21057D5E0061DDF1 /* libstdc++.tbd */ = {isa = PBXFileReference; lastKnownFileType = "sourcecode.text-based-dylib-definition"; name = "libstdc++.tbd"; path = "usr/lib/libstdc++.tbd"; sourceTree = SDKROOT; };
		2699B45C21057DBC0061DDF1 /* 1connfig3.cpp */ = {isa = PBXFileReference; lastKnownFileType = sourcecode.cpp.cpp; path = 1connfig3.cpp; sourceTree = "<group>"; };
		26B1D1C22109559200CB795D /* 1config-inclass-init.cpp */ = {isa = PBXFileReference; lastKnownFileType = sourcecode.cpp.cpp; path = "1config-inclass-init.cpp"; sourceTree = "<group>"; };
		26B1D1C42109582200CB795D /* 1config-operator-overloading.cpp */ = {isa = PBXFileReference; lastKnownFileType = sourcecode.cpp.cpp; path = "1config-operator-overloading.cpp"; sourceTree = "<group>"; };
		26B1D1C62109639400CB795D /* 1qsort.cpp */ = {isa = PBXFileReference; lastKnownFileType = sourcecode.cpp.cpp; path = 1qsort.cpp; sourceTree = "<group>"; };
		26B1D1C8210965ED00CB795D /* 1functor.cpp */ = {isa = PBXFileReference; lastKnownFileType = sourcecode.cpp.cpp; path = 1functor.cpp; sourceTree = "<group>"; };
		26B1D1D521098EA900CB795D /* jjallocator.cpp */ = {isa = PBXFileReference; lastKnownFileType = sourcecode.cpp.cpp; path = jjallocator.cpp; sourceTree = "<group>"; };
		26B1D1D621098EA900CB795D /* jjallocator.hpp */ = {isa = PBXFileReference; lastKnownFileType = sourcecode.cpp.h; path = jjallocator.hpp; sourceTree = "<group>"; };
		26B1D1D82109A13D00CB795D /* stl_construct.cpp */ = {isa = PBXFileReference; lastKnownFileType = sourcecode.cpp.cpp; path = stl_construct.cpp; sourceTree = "<group>"; };
		26B1D1D92109A13D00CB795D /* stl_construct.hpp */ = {isa = PBXFileReference; lastKnownFileType = sourcecode.cpp.h; path = stl_construct.hpp; sourceTree = "<group>"; };
/* End PBXFileReference section */

/* Begin PBXFrameworksBuildPhase section */
		2696F74F210178B3009127A8 /* Frameworks */ = {
			isa = PBXFrameworksBuildPhase;
			buildActionMask = 2147483647;
			files = (
				2699B45B21057D5E0061DDF1 /* libstdc++.tbd in Frameworks */,
			);
			runOnlyForDeploymentPostprocessing = 0;
		};
/* End PBXFrameworksBuildPhase section */

/* Begin PBXGroup section */
		2696F749210178B3009127A8 = {
			isa = PBXGroup;
			children = (
				2696F754210178B3009127A8 /* Algorithm */,
				2696F753210178B3009127A8 /* Products */,
				2699B45921057D5E0061DDF1 /* Frameworks */,
			);
			sourceTree = "<group>";
		};
		2696F753210178B3009127A8 /* Products */ = {
			isa = PBXGroup;
			children = (
				2696F752210178B3009127A8 /* Algorithm */,
			);
			name = Products;
			sourceTree = "<group>";
		};
		2696F754210178B3009127A8 /* Algorithm */ = {
			isa = PBXGroup;
			children = (
				26B1D1CB2109690500CB795D /* STL */,
			);
			path = Algorithm;
			sourceTree = "<group>";
		};
		2699B45921057D5E0061DDF1 /* Frameworks */ = {
			isa = PBXGroup;
			children = (
				2699B45A21057D5E0061DDF1 /* libstdc++.tbd */,
			);
			name = Frameworks;
			sourceTree = "<group>";
		};
		26B1D1CA210968EB00CB795D /* chapter_1 */ = {
			isa = PBXGroup;
			children = (
				261A98E12108039B00BA5928 /* 1connfig5.cpp */,
				2696F755210178B3009127A8 /* main.cpp */,
				2699B45C21057DBC0061DDF1 /* 1connfig3.cpp */,
				261A98E32108069C00BA5928 /* 1connfig6.cpp */,
				261A98E5210809C400BA5928 /* 1connfig8.cpp */,
				261A98E721080F8100BA5928 /* 1connfig10.cpp */,
				261A98E92108119300BA5928 /* 1connfig11.cpp */,
				261A98EB210818D600BA5928 /* icnfig-null-template-arguments.cpp */,
				261A98ED21081DB000BA5928 /* 1config-temp-object.cpp */,
				26B1D1C22109559200CB795D /* 1config-inclass-init.cpp */,
				26B1D1C42109582200CB795D /* 1config-operator-overloading.cpp */,
				26B1D1C62109639400CB795D /* 1qsort.cpp */,
				26B1D1C8210965ED00CB795D /* 1functor.cpp */,
			);
			path = chapter_1;
			sourceTree = "<group>";
		};
		26B1D1CB2109690500CB795D /* STL */ = {
			isa = PBXGroup;
			children = (
				26B1D1CA210968EB00CB795D /* chapter_1 */,
				26B1D1CC2109691A00CB795D /* chapter_2 */,
				26B1D1CD2109692400CB795D /* chapter_3 */,
				26B1D1CE2109693400CB795D /* chapter_4 */,
				26B1D1CF2109693900CB795D /* chapter_5 */,
				26B1D1D02109693E00CB795D /* chapter_6 */,
				26B1D1D12109694400CB795D /* chapter_7 */,
				26B1D1D2210969DE00CB795D /* chapter_8 */,
			);
			path = STL;
			sourceTree = "<group>";
		};
		26B1D1CC2109691A00CB795D /* chapter_2 */ = {
			isa = PBXGroup;
			children = (
				26B1D1D621098EA900CB795D /* jjallocator.hpp */,
				26B1D1D521098EA900CB795D /* jjallocator.cpp */,
				26B1D1D82109A13D00CB795D /* stl_construct.cpp */,
				26B1D1D92109A13D00CB795D /* stl_construct.hpp */,
			);
			path = chapter_2;
			sourceTree = "<group>";
		};
		26B1D1CD2109692400CB795D /* chapter_3 */ = {
			isa = PBXGroup;
			children = (
			);
			path = chapter_3;
			sourceTree = "<group>";
		};
		26B1D1CE2109693400CB795D /* chapter_4 */ = {
			isa = PBXGroup;
			children = (
			);
			path = chapter_4;
			sourceTree = "<group>";
		};
		26B1D1CF2109693900CB795D /* chapter_5 */ = {
			isa = PBXGroup;
			children = (
			);
			path = chapter_5;
			sourceTree = "<group>";
		};
		26B1D1D02109693E00CB795D /* chapter_6 */ = {
			isa = PBXGroup;
			children = (
			);
			path = chapter_6;
			sourceTree = "<group>";
		};
		26B1D1D12109694400CB795D /* chapter_7 */ = {
			isa = PBXGroup;
			children = (
			);
			path = chapter_7;
			sourceTree = "<group>";
		};
		26B1D1D2210969DE00CB795D /* chapter_8 */ = {
			isa = PBXGroup;
			children = (
			);
			path = chapter_8;
			sourceTree = "<group>";
		};
/* End PBXGroup section */

/* Begin PBXNativeTarget section */
		2696F751210178B3009127A8 /* Algorithm */ = {
			isa = PBXNativeTarget;
			buildConfigurationList = 2696F759210178B3009127A8 /* Build configuration list for PBXNativeTarget "Algorithm" */;
			buildPhases = (
				2696F74E210178B3009127A8 /* Sources */,
				2696F74F210178B3009127A8 /* Frameworks */,
				2696F750210178B3009127A8 /* CopyFiles */,
			);
			buildRules = (
			);
			dependencies = (
			);
			name = Algorithm;
			productName = Algorithm;
			productReference = 2696F752210178B3009127A8 /* Algorithm */;
			productType = "com.apple.product-type.tool";
		};
/* End PBXNativeTarget section */

/* Begin PBXProject section */
		2696F74A210178B3009127A8 /* Project object */ = {
			isa = PBXProject;
			attributes = {
				LastUpgradeCheck = 0940;
				ORGANIZATIONNAME = GTM;
				TargetAttributes = {
					2696F751210178B3009127A8 = {
						CreatedOnToolsVersion = 9.4.1;
					};
				};
			};
			buildConfigurationList = 2696F74D210178B3009127A8 /* Build configuration list for PBXProject "Algorithm" */;
			compatibilityVersion = "Xcode 9.3";
			developmentRegion = en;
			hasScannedForEncodings = 0;
			knownRegions = (
				en,
			);
			mainGroup = 2696F749210178B3009127A8;
			productRefGroup = 2696F753210178B3009127A8 /* Products */;
			projectDirPath = "";
			projectRoot = "";
			targets = (
				2696F751210178B3009127A8 /* Algorithm */,
			);
		};
/* End PBXProject section */

/* Begin PBXSourcesBuildPhase section */
		2696F74E210178B3009127A8 /* Sources */ = {
			isa = PBXSourcesBuildPhase;
			buildActionMask = 2147483647;
			files = (
				26B1D1C52109582200CB795D /* 1config-operator-overloading.cpp in Sources */,
				26B1D1C72109639400CB795D /* 1qsort.cpp in Sources */,
				2699B45D21057DBC0061DDF1 /* 1connfig3.cpp in Sources */,
				261A98E42108069C00BA5928 /* 1connfig6.cpp in Sources */,
				261A98E22108039B00BA5928 /* 1connfig5.cpp in Sources */,
				261A98EC210818D600BA5928 /* icnfig-null-template-arguments.cpp in Sources */,
				261A98EE21081DB000BA5928 /* 1config-temp-object.cpp in Sources */,
				26B1D1C9210965ED00CB795D /* 1functor.cpp in Sources */,
				26B1D1D721098EA900CB795D /* jjallocator.cpp in Sources */,
				26B1D1DA2109A13D00CB795D /* stl_construct.cpp in Sources */,
				261A98EA2108119300BA5928 /* 1connfig11.cpp in Sources */,
				261A98E821080F8100BA5928 /* 1connfig10.cpp in Sources */,
				26B1D1C32109559200CB795D /* 1config-inclass-init.cpp in Sources */,
				261A98E6210809C400BA5928 /* 1connfig8.cpp in Sources */,
				2696F756210178B3009127A8 /* main.cpp in Sources */,
			);
			runOnlyForDeploymentPostprocessing = 0;
		};
/* End PBXSourcesBuildPhase section */

/* Begin XCBuildConfiguration section */
		2696F757210178B3009127A8 /* Debug */ = {
			isa = XCBuildConfiguration;
			buildSettings = {
				ALWAYS_SEARCH_USER_PATHS = NO;
				CLANG_ANALYZER_NONNULL = YES;
				CLANG_ANALYZER_NUMBER_OBJECT_CONVERSION = YES_AGGRESSIVE;
				CLANG_CXX_LANGUAGE_STANDARD = "gnu++14";
				CLANG_CXX_LIBRARY = "libc++";
				CLANG_ENABLE_MODULES = YES;
				CLANG_ENABLE_OBJC_ARC = YES;
				CLANG_ENABLE_OBJC_WEAK = YES;
				CLANG_WARN_BLOCK_CAPTURE_AUTORELEASING = YES;
				CLANG_WARN_BOOL_CONVERSION = YES;
				CLANG_WARN_COMMA = YES;
				CLANG_WARN_CONSTANT_CONVERSION = YES;
				CLANG_WARN_DEPRECATED_OBJC_IMPLEMENTATIONS = YES;
				CLANG_WARN_DIRECT_OBJC_ISA_USAGE = YES_ERROR;
				CLANG_WARN_DOCUMENTATION_COMMENTS = YES;
				CLANG_WARN_EMPTY_BODY = YES;
				CLANG_WARN_ENUM_CONVERSION = YES;
				CLANG_WARN_INFINITE_RECURSION = YES;
				CLANG_WARN_INT_CONVERSION = YES;
				CLANG_WARN_NON_LITERAL_NULL_CONVERSION = YES;
				CLANG_WARN_OBJC_IMPLICIT_RETAIN_SELF = YES;
				CLANG_WARN_OBJC_LITERAL_CONVERSION = YES;
				CLANG_WARN_OBJC_ROOT_CLASS = YES_ERROR;
				CLANG_WARN_RANGE_LOOP_ANALYSIS = YES;
				CLANG_WARN_STRICT_PROTOTYPES = YES;
				CLANG_WARN_SUSPICIOUS_MOVE = YES;
				CLANG_WARN_UNGUARDED_AVAILABILITY = YES_AGGRESSIVE;
				CLANG_WARN_UNREACHABLE_CODE = YES;
				CLANG_WARN__DUPLICATE_METHOD_MATCH = YES;
				CODE_SIGN_IDENTITY = "Mac Developer";
				COPY_PHASE_STRIP = NO;
				DEBUG_INFORMATION_FORMAT = dwarf;
				ENABLE_STRICT_OBJC_MSGSEND = YES;
				ENABLE_TESTABILITY = YES;
				GCC_C_LANGUAGE_STANDARD = gnu11;
				GCC_DYNAMIC_NO_PIC = NO;
				GCC_NO_COMMON_BLOCKS = YES;
				GCC_OPTIMIZATION_LEVEL = 0;
				GCC_PREPROCESSOR_DEFINITIONS = (
					"DEBUG=1",
					"$(inherited)",
				);
				GCC_WARN_64_TO_32_BIT_CONVERSION = YES;
				GCC_WARN_ABOUT_RETURN_TYPE = YES_ERROR;
				GCC_WARN_UNDECLARED_SELECTOR = YES;
				GCC_WARN_UNINITIALIZED_AUTOS = YES_AGGRESSIVE;
				GCC_WARN_UNUSED_FUNCTION = YES;
				GCC_WARN_UNUSED_VARIABLE = YES;
				MACOSX_DEPLOYMENT_TARGET = 10.13;
				MTL_ENABLE_DEBUG_INFO = YES;
				ONLY_ACTIVE_ARCH = YES;
				SDKROOT = macosx;
			};
			name = Debug;
		};
		2696F758210178B3009127A8 /* Release */ = {
			isa = XCBuildConfiguration;
			buildSettings = {
				ALWAYS_SEARCH_USER_PATHS = NO;
				CLANG_ANALYZER_NONNULL = YES;
				CLANG_ANALYZER_NUMBER_OBJECT_CONVERSION = YES_AGGRESSIVE;
				CLANG_CXX_LANGUAGE_STANDARD = "gnu++14";
				CLANG_CXX_LIBRARY = "libc++";
				CLANG_ENABLE_MODULES = YES;
				CLANG_ENABLE_OBJC_ARC = YES;
				CLANG_ENABLE_OBJC_WEAK = YES;
				CLANG_WARN_BLOCK_CAPTURE_AUTORELEASING = YES;
				CLANG_WARN_BOOL_CONVERSION = YES;
				CLANG_WARN_COMMA = YES;
				CLANG_WARN_CONSTANT_CONVERSION = YES;
				CLANG_WARN_DEPRECATED_OBJC_IMPLEMENTATIONS = YES;
				CLANG_WARN_DIRECT_OBJC_ISA_USAGE = YES_ERROR;
				CLANG_WARN_DOCUMENTATION_COMMENTS = YES;
				CLANG_WARN_EMPTY_BODY = YES;
				CLANG_WARN_ENUM_CONVERSION = YES;
				CLANG_WARN_INFINITE_RECURSION = YES;
				CLANG_WARN_INT_CONVERSION = YES;
				CLANG_WARN_NON_LITERAL_NULL_CONVERSION = YES;
				CLANG_WARN_OBJC_IMPLICIT_RETAIN_SELF = YES;
				CLANG_WARN_OBJC_LITERAL_CONVERSION = YES;
				CLANG_WARN_OBJC_ROOT_CLASS = YES_ERROR;
				CLANG_WARN_RANGE_LOOP_ANALYSIS = YES;
				CLANG_WARN_STRICT_PROTOTYPES = YES;
				CLANG_WARN_SUSPICIOUS_MOVE = YES;
				CLANG_WARN_UNGUARDED_AVAILABILITY = YES_AGGRESSIVE;
				CLANG_WARN_UNREACHABLE_CODE = YES;
				CLANG_WARN__DUPLICATE_METHOD_MATCH = YES;
				CODE_SIGN_IDENTITY = "Mac Developer";
				COPY_PHASE_STRIP = NO;
				DEBUG_INFORMATION_FORMAT = "dwarf-with-dsym";
				ENABLE_NS_ASSERTIONS = NO;
				ENABLE_STRICT_OBJC_MSGSEND = YES;
				GCC_C_LANGUAGE_STANDARD = gnu11;
				GCC_NO_COMMON_BLOCKS = YES;
				GCC_WARN_64_TO_32_BIT_CONVERSION = YES;
				GCC_WARN_ABOUT_RETURN_TYPE = YES_ERROR;
				GCC_WARN_UNDECLARED_SELECTOR = YES;
				GCC_WARN_UNINITIALIZED_AUTOS = YES_AGGRESSIVE;
				GCC_WARN_UNUSED_FUNCTION = YES;
				GCC_WARN_UNUSED_VARIABLE = YES;
				MACOSX_DEPLOYMENT_TARGET = 10.13;
				MTL_ENABLE_DEBUG_INFO = NO;
				SDKROOT = macosx;
			};
			name = Release;
		};
		2696F75A210178B3009127A8 /* Debug */ = {
			isa = XCBuildConfiguration;
			buildSettings = {
				CODE_SIGN_STYLE = Automatic;
				DEVELOPMENT_TEAM = 2DUPQ924JY;
				PRODUCT_NAME = "$(TARGET_NAME)";
			};
			name = Debug;
		};
		2696F75B210178B3009127A8 /* Release */ = {
			isa = XCBuildConfiguration;
			buildSettings = {
				CODE_SIGN_STYLE = Automatic;
				DEVELOPMENT_TEAM = 2DUPQ924JY;
				PRODUCT_NAME = "$(TARGET_NAME)";
			};
			name = Release;
		};
/* End XCBuildConfiguration section */

/* Begin XCConfigurationList section */
		2696F74D210178B3009127A8 /* Build configuration list for PBXProject "Algorithm" */ = {
			isa = XCConfigurationList;
			buildConfigurations = (
				2696F757210178B3009127A8 /* Debug */,
				2696F758210178B3009127A8 /* Release */,
			);
			defaultConfigurationIsVisible = 0;
			defaultConfigurationName = Release;
		};
		2696F759210178B3009127A8 /* Build configuration list for PBXNativeTarget "Algorithm" */ = {
			isa = XCConfigurationList;
			buildConfigurations = (
				2696F75A210178B3009127A8 /* Debug */,
				2696F75B210178B3009127A8 /* Release */,
			);
			defaultConfigurationIsVisible = 0;
			defaultConfigurationName = Release;
		};
/* End XCConfigurationList section */
	};
	rootObject = 2696F74A210178B3009127A8 /* Project object */;
}
